
Microsoft Visual Studio Solution File, Format Version 12.00
# Visual Studio Version 17
VisualStudioVersion = 17.5.33414.496
MinimumVisualStudioVersion = 10.0.40219.1
Project("{9A19103F-16F7-4668-BE54-9A1E7A4F7556}") = "Macodaic.App.console", "Macodaic.App.console\Macodaic.App.console.csproj", "{1AC64696-7B3F-4E08-9629-C32AF1F0A60D}"
EndProject
Project("{FAE04EC0-301F-11D3-BF4B-00C04F79EFBC}") = "Macodaic.App.Core", "Macodaic.App.Core\Macodaic.App.Core.csproj", "{EE4F6A07-3192-464C-B5CD-C23F310FD650}"
EndProject
Global
	GlobalSection(SolutionConfigurationPlatforms) = preSolution
		Debug|Any CPU = Debug|Any CPU
		Release|Any CPU = Release|Any CPU
	EndGlobalSection
	GlobalSection(ProjectConfigurationPlatforms) = postSolution
		{1AC64696-7B3F-4E08-9629-C32AF1F0A60D}.Debug|Any CPU.ActiveCfg = Debug|Any CPU
		{1AC64696-7B3F-4E08-9629-C32AF1F0A60D}.Debug|Any CPU.Build.0 = Debug|Any CPU
		{1AC64696-7B3F-4E08-9629-C32AF1F0A60D}.Release|Any CPU.ActiveCfg = Release|Any CPU
		{1AC64696-7B3F-4E08-9629-C32AF1F0A60D}.Release|Any CPU.Build.0 = Release|Any CPU
		{EE4F6A07-3192-464C-B5CD-C23F310FD650}.Debug|Any CPU.ActiveCfg = Debug|Any CPU
		{EE4F6A07-3192-464C-B5CD-C23F310FD650}.Debug|Any CPU.Build.0 = Debug|Any CPU
		{EE4F6A07-3192-464C-B5CD-C23F310FD650}.Release|Any CPU.ActiveCfg = Release|Any CPU
		{EE4F6A07-3192-464C-B5CD-C23F310FD650}.Release|Any CPU.Build.0 = Release|Any CPU
	EndGlobalSection
	GlobalSection(SolutionProperties) = preSolution
		HideSolutionNode = FALSE
	EndGlobalSection
	GlobalSection(ExtensibilityGlobals) = postSolution
		SolutionGuid = {4ED29C89-3FE1-42EE-9979-8F18D7BBFD1C}
	EndGlobalSection
EndGlobal
